
Microsoft Visual Studio Solution File, Format Version 12.00
# Visual Studio 15
VisualStudioVersion = 15.0.28307.489
MinimumVisualStudioVersion = 10.0.40219.1
Project("{FAE04EC0-301F-11D3-BF4B-00C04F79EFBC}") = "App14.Android", "App14\App14.Android\App14.Android.csproj", "{A1E984C6-6820-494E-84A1-FF3AA1F73026}"
EndProject
Project("{FAE04EC0-301F-11D3-BF4B-00C04F79EFBC}") = "App14.iOS", "App14\App14.iOS\App14.iOS.csproj", "{3A0A473A-AF4A-4731-BA05-77D986E3D9B2}"
EndProject
Project("{FAE04EC0-301F-11D3-BF4B-00C04F79EFBC}") = "App14", "App14\App14\App14.csproj", "{1CDCDD8E-4B7C-4663-9906-EC9D5B4CEB33}"
EndProject
Global
	GlobalSection(SolutionConfigurationPlatforms) = preSolution
		Ad-Hoc|Any CPU = Ad-Hoc|Any CPU
		Ad-Hoc|iPhone = Ad-Hoc|iPhone
		Ad-Hoc|iPhoneSimulator = Ad-Hoc|iPhoneSimulator
		AppStore|Any CPU = AppStore|Any CPU
		AppStore|iPhone = AppStore|iPhone
		AppStore|iPhoneSimulator = AppStore|iPhoneSimulator
		Debug|Any CPU = Debug|Any CPU
		Debug|iPhone = Debug|iPhone
		Debug|iPhoneSimulator = Debug|iPhoneSimulator
		Release|Any CPU = Release|Any CPU
		Release|iPhone = Release|iPhone
		Release|iPhoneSimulator = Release|iPhoneSimulator
	EndGlobalSection
	GlobalSection(ProjectConfigurationPlatforms) = postSolution
		{A1E984C6-6820-494E-84A1-FF3AA1F73026}.Ad-Hoc|Any CPU.ActiveCfg = Release|Any CPU
		{A1E984C6-6820-494E-84A1-FF3AA1F73026}.Ad-Hoc|Any CPU.Build.0 = Release|Any CPU
		{A1E984C6-6820-494E-84A1-FF3AA1F73026}.Ad-Hoc|Any CPU.Deploy.0 = Release|Any CPU
		{A1E984C6-6820-494E-84A1-FF3AA1F73026}.Ad-Hoc|iPhone.ActiveCfg = Release|Any CPU
		{A1E984C6-6820-494E-84A1-FF3AA1F73026}.Ad-Hoc|iPhone.Build.0 = Release|Any CPU
		{A1E984C6-6820-494E-84A1-FF3AA1F73026}.Ad-Hoc|iPhone.Deploy.0 = Release|Any CPU
		{A1E984C6-6820-494E-84A1-FF3AA1F73026}.Ad-Hoc|iPhoneSimulator.ActiveCfg = Release|Any CPU
		{A1E984C6-6820-494E-84A1-FF3AA1F73026}.Ad-Hoc|iPhoneSimulator.Build.0 = Release|Any CPU
		{A1E984C6-6820-494E-84A1-FF3AA1F73026}.Ad-Hoc|iPhoneSimulator.Deploy.0 = Release|Any CPU
		{A1E984C6-6820-494E-84A1-FF3AA1F73026}.AppStore|Any CPU.ActiveCfg = Release|Any CPU
		{A1E984C6-6820-494E-84A1-FF3AA1F73026}.AppStore|Any CPU.Build.0 = Release|Any CPU
		{A1E984C6-6820-494E-84A1-FF3AA1F73026}.AppStore|Any CPU.Deploy.0 = Release|Any CPU
		{A1E984C6-6820-494E-84A1-FF3AA1F73026}.AppStore|iPhone.ActiveCfg = Release|Any CPU
		{A1E984C6-6820-494E-84A1-FF3AA1F73026}.AppStore|iPhone.Build.0 = Release|Any CPU
		{A1E984C6-6820-494E-84A1-FF3AA1F73026}.AppStore|iPhone.Deploy.0 = Release|Any CPU
		{A1E984C6-6820-494E-84A1-FF3AA1F73026}.AppStore|iPhoneSimulator.ActiveCfg = Release|Any CPU
		{A1E984C6-6820-494E-84A1-FF3AA1F73026}.AppStore|iPhoneSimulator.Build.0 = Release|Any CPU
		{A1E984C6-6820-494E-84A1-FF3AA1F73026}.AppStore|iPhoneSimulator.Deploy.0 = Release|Any CPU
		{A1E984C6-6820-494E-84A1-FF3AA1F73026}.Debug|Any CPU.ActiveCfg = Debug|Any CPU
		{A1E984C6-6820-494E-84A1-FF3AA1F73026}.Debug|Any CPU.Build.0 = Debug|Any CPU
		{A1E984C6-6820-494E-84A1-FF3AA1F73026}.Debug|Any CPU.Deploy.0 = Debug|Any CPU
		{A1E984C6-6820-494E-84A1-FF3AA1F73026}.Debug|iPhone.ActiveCfg = Debug|Any CPU
		{A1E984C6-6820-494E-84A1-FF3AA1F73026}.Debug|iPhone.Build.0 = Debug|Any CPU
		{A1E984C6-6820-494E-84A1-FF3AA1F73026}.Debug|iPhone.Deploy.0 = Debug|Any CPU
		{A1E984C6-6820-494E-84A1-FF3AA1F73026}.Debug|iPhoneSimulator.ActiveCfg = Debug|Any CPU
		{A1E984C6-6820-494E-84A1-FF3AA1F73026}.Debug|iPhoneSimulator.Build.0 = Debug|Any CPU
		{A1E984C6-6820-494E-84A1-FF3AA1F73026}.Debug|iPhoneSimulator.Deploy.0 = Debug|Any CPU
		{A1E984C6-6820-494E-84A1-FF3AA1F73026}.Release|Any CPU.ActiveCfg = Release|Any CPU
		{A1E984C6-6820-494E-84A1-FF3AA1F73026}.Release|Any CPU.Build.0 = Release|Any CPU
		{A1E984C6-6820-494E-84A1-FF3AA1F73026}.Release|Any CPU.Deploy.0 = Release|Any CPU
		{A1E984C6-6820-494E-84A1-FF3AA1F73026}.Release|iPhone.ActiveCfg = Release|Any CPU
		{A1E984C6-6820-494E-84A1-FF3AA1F73026}.Release|iPhone.Build.0 = Release|Any CPU
		{A1E984C6-6820-494E-84A1-FF3AA1F73026}.Release|iPhone.Deploy.0 = Release|Any CPU
		{A1E984C6-6820-494E-84A1-FF3AA1F73026}.Release|iPhoneSimulator.ActiveCfg = Release|Any CPU
		{A1E984C6-6820-494E-84A1-FF3AA1F73026}.Release|iPhoneSimulator.Build.0 = Release|Any CPU
		{A1E984C6-6820-494E-84A1-FF3AA1F73026}.Release|iPhoneSimulator.Deploy.0 = Release|Any CPU
		{3A0A473A-AF4A-4731-BA05-77D986E3D9B2}.Ad-Hoc|Any CPU.ActiveCfg = Ad-Hoc|iPhone
		{3A0A473A-AF4A-4731-BA05-77D986E3D9B2}.Ad-Hoc|Any CPU.Build.0 = Ad-Hoc|iPhone
		{3A0A473A-AF4A-4731-BA05-77D986E3D9B2}.Ad-Hoc|Any CPU.Deploy.0 = Ad-Hoc|iPhone
		{3A0A473A-AF4A-4731-BA05-77D986E3D9B2}.Ad-Hoc|iPhone.ActiveCfg = Ad-Hoc|iPhone
		{3A0A473A-AF4A-4731-BA05-77D986E3D9B2}.Ad-Hoc|iPhone.Build.0 = Ad-Hoc|iPhone
		{3A0A473A-AF4A-4731-BA05-77D986E3D9B2}.Ad-Hoc|iPhone.Deploy.0 = Ad-Hoc|iPhone
		{3A0A473A-AF4A-4731-BA05-77D986E3D9B2}.Ad-Hoc|iPhoneSimulator.ActiveCfg = Ad-Hoc|iPhoneSimulator
		{3A0A473A-AF4A-4731-BA05-77D986E3D9B2}.Ad-Hoc|iPhoneSimulator.Build.0 = Ad-Hoc|iPhoneSimulator
		{3A0A473A-AF4A-4731-BA05-77D986E3D9B2}.Ad-Hoc|iPhoneSimulator.Deploy.0 = Ad-Hoc|iPhoneSimulator
		{3A0A473A-AF4A-4731-BA05-77D986E3D9B2}.AppStore|Any CPU.ActiveCfg = AppStore|iPhone
		{3A0A473A-AF4A-4731-BA05-77D986E3D9B2}.AppStore|Any CPU.Build.0 = AppStore|iPhone
		{3A0A473A-AF4A-4731-BA05-77D986E3D9B2}.AppStore|Any CPU.Deploy.0 = AppStore|iPhone
		{3A0A473A-AF4A-4731-BA05-77D986E3D9B2}.AppStore|iPhone.ActiveCfg = AppStore|iPhone
		{3A0A473A-AF4A-4731-BA05-77D986E3D9B2}.AppStore|iPhone.Build.0 = AppStore|iPhone
		{3A0A473A-AF4A-4731-BA05-77D986E3D9B2}.AppStore|iPhone.Deploy.0 = AppStore|iPhone
		{3A0A473A-AF4A-4731-BA05-77D986E3D9B2}.AppStore|iPhoneSimulator.ActiveCfg = AppStore|iPhoneSimulator
		{3A0A473A-AF4A-4731-BA05-77D986E3D9B2}.AppStore|iPhoneSimulator.Build.0 = AppStore|iPhoneSimulator
		{3A0A473A-AF4A-4731-BA05-77D986E3D9B2}.AppStore|iPhoneSimulator.Deploy.0 = AppStore|iPhoneSimulator
		{3A0A473A-AF4A-4731-BA05-77D986E3D9B2}.Debug|Any CPU.ActiveCfg = Debug|iPhoneSimulator
		{3A0A473A-AF4A-4731-BA05-77D986E3D9B2}.Debug|Any CPU.Build.0 = Debug|iPhoneSimulator
		{3A0A473A-AF4A-4731-BA05-77D986E3D9B2}.Debug|Any CPU.Deploy.0 = Debug|iPhoneSimulator
		{3A0A473A-AF4A-4731-BA05-77D986E3D9B2}.Debug|iPhone.ActiveCfg = Debug|iPhone
		{3A0A473A-AF4A-4731-BA05-77D986E3D9B2}.Debug|iPhone.Build.0 = Debug|iPhone
		{3A0A473A-AF4A-4731-BA05-77D986E3D9B2}.Debug|iPhone.Deploy.0 = Debug|iPhone
		{3A0A473A-AF4A-4731-BA05-77D986E3D9B2}.Debug|iPhoneSimulator.ActiveCfg = Debug|iPhoneSimulator
		{3A0A473A-AF4A-4731-BA05-77D986E3D9B2}.Debug|iPhoneSimulator.Build.0 = Debug|iPhoneSimulator
		{3A0A473A-AF4A-4731-BA05-77D986E3D9B2}.Debug|iPhoneSimulator.Deploy.0 = Debug|iPhoneSimulator
		{3A0A473A-AF4A-4731-BA05-77D986E3D9B2}.Release|Any CPU.ActiveCfg = Release|iPhone
		{3A0A473A-AF4A-4731-BA05-77D986E3D9B2}.Release|Any CPU.Build.0 = Release|iPhone
		{3A0A473A-AF4A-4731-BA05-77D986E3D9B2}.Release|Any CPU.Deploy.0 = Release|iPhone
		{3A0A473A-AF4A-4731-BA05-77D986E3D9B2}.Release|iPhone.ActiveCfg = Release|iPhone
		{3A0A473A-AF4A-4731-BA05-77D986E3D9B2}.Release|iPhone.Build.0 = Release|iPhone
		{3A0A473A-AF4A-4731-BA05-77D986E3D9B2}.Release|iPhone.Deploy.0 = Release|iPhone
		{3A0A473A-AF4A-4731-BA05-77D986E3D9B2}.Release|iPhoneSimulator.ActiveCfg = Release|iPhoneSimulator
		{3A0A473A-AF4A-4731-BA05-77D986E3D9B2}.Release|iPhoneSimulator.Build.0 = Release|iPhoneSimulator
		{3A0A473A-AF4A-4731-BA05-77D986E3D9B2}.Release|iPhoneSimulator.Deploy.0 = Release|iPhoneSimulator
		{1CDCDD8E-4B7C-4663-9906-EC9D5B4CEB33}.Ad-Hoc|Any CPU.ActiveCfg = Debug|Any CPU
		{1CDCDD8E-4B7C-4663-9906-EC9D5B4CEB33}.Ad-Hoc|Any CPU.Build.0 = Debug|Any CPU
		{1CDCDD8E-4B7C-4663-9906-EC9D5B4CEB33}.Ad-Hoc|Any CPU.Deploy.0 = Debug|Any CPU
		{1CDCDD8E-4B7C-4663-9906-EC9D5B4CEB33}.Ad-Hoc|iPhone.ActiveCfg = Debug|Any CPU
		{1CDCDD8E-4B7C-4663-9906-EC9D5B4CEB33}.Ad-Hoc|iPhone.Build.0 = Debug|Any CPU
		{1CDCDD8E-4B7C-4663-9906-EC9D5B4CEB33}.Ad-Hoc|iPhone.Deploy.0 = Debug|Any CPU
		{1CDCDD8E-4B7C-4663-9906-EC9D5B4CEB33}.Ad-Hoc|iPhoneSimulator.ActiveCfg = Debug|Any CPU
		{1CDCDD8E-4B7C-4663-9906-EC9D5B4CEB33}.Ad-Hoc|iPhoneSimulator.Build.0 = Debug|Any CPU
		{1CDCDD8E-4B7C-4663-9906-EC9D5B4CEB33}.Ad-Hoc|iPhoneSimulator.Deploy.0 = Debug|Any CPU
		{1CDCDD8E-4B7C-4663-9906-EC9D5B4CEB33}.AppStore|Any CPU.ActiveCfg = Debug|Any CPU
		{1CDCDD8E-4B7C-4663-9906-EC9D5B4CEB33}.AppStore|Any CPU.Build.0 = Debug|Any CPU
		{1CDCDD8E-4B7C-4663-9906-EC9D5B4CEB33}.AppStore|Any CPU.Deploy.0 = Debug|Any CPU
		{1CDCDD8E-4B7C-4663-9906-EC9D5B4CEB33}.AppStore|iPhone.ActiveCfg = Debug|Any CPU
		{1CDCDD8E-4B7C-4663-9906-EC9D5B4CEB33}.AppStore|iPhone.Build.0 = Debug|Any CPU
		{1CDCDD8E-4B7C-4663-9906-EC9D5B4CEB33}.AppStore|iPhone.Deploy.0 = Debug|Any CPU
		{1CDCDD8E-4B7C-4663-9906-EC9D5B4CEB33}.AppStore|iPhoneSimulator.ActiveCfg = Debug|Any CPU
		{1CDCDD8E-4B7C-4663-9906-EC9D5B4CEB33}.AppStore|iPhoneSimulator.Build.0 = Debug|Any CPU
		{1CDCDD8E-4B7C-4663-9906-EC9D5B4CEB33}.AppStore|iPhoneSimulator.Deploy.0 = Debug|Any CPU
		{1CDCDD8E-4B7C-4663-9906-EC9D5B4CEB33}.Debug|Any CPU.ActiveCfg = Debug|Any CPU
		{1CDCDD8E-4B7C-4663-9906-EC9D5B4CEB33}.Debug|Any CPU.Build.0 = Debug|Any CPU
		{1CDCDD8E-4B7C-4663-9906-EC9D5B4CEB33}.Debug|Any CPU.Deploy.0 = Debug|Any CPU
		{1CDCDD8E-4B7C-4663-9906-EC9D5B4CEB33}.Debug|iPhone.ActiveCfg = Debug|Any CPU
		{1CDCDD8E-4B7C-4663-9906-EC9D5B4CEB33}.Debug|iPhone.Build.0 = Debug|Any CPU
		{1CDCDD8E-4B7C-4663-9906-EC9D5B4CEB33}.Debug|iPhone.Deploy.0 = Debug|Any CPU
		{1CDCDD8E-4B7C-4663-9906-EC9D5B4CEB33}.Debug|iPhoneSimulator.ActiveCfg = Debug|Any CPU
		{1CDCDD8E-4B7C-4663-9906-EC9D5B4CEB33}.Debug|iPhoneSimulator.Build.0 = Debug|Any CPU
		{1CDCDD8E-4B7C-4663-9906-EC9D5B4CEB33}.Debug|iPhoneSimulator.Deploy.0 = Debug|Any CPU
		{1CDCDD8E-4B7C-4663-9906-EC9D5B4CEB33}.Release|Any CPU.ActiveCfg = Release|Any CPU
		{1CDCDD8E-4B7C-4663-9906-EC9D5B4CEB33}.Release|Any CPU.Build.0 = Release|Any CPU
		{1CDCDD8E-4B7C-4663-9906-EC9D5B4CEB33}.Release|Any CPU.Deploy.0 = Release|Any CPU
		{1CDCDD8E-4B7C-4663-9906-EC9D5B4CEB33}.Release|iPhone.ActiveCfg = Release|Any CPU
		{1CDCDD8E-4B7C-4663-9906-EC9D5B4CEB33}.Release|iPhone.Build.0 = Release|Any CPU
		{1CDCDD8E-4B7C-4663-9906-EC9D5B4CEB33}.Release|iPhone.Deploy.0 = Release|Any CPU
		{1CDCDD8E-4B7C-4663-9906-EC9D5B4CEB33}.Release|iPhoneSimulator.ActiveCfg = Release|Any CPU
		{1CDCDD8E-4B7C-4663-9906-EC9D5B4CEB33}.Release|iPhoneSimulator.Build.0 = Release|Any CPU
		{1CDCDD8E-4B7C-4663-9906-EC9D5B4CEB33}.Release|iPhoneSimulator.Deploy.0 = Release|Any CPU
	EndGlobalSection
	GlobalSection(SolutionProperties) = preSolution
		HideSolutionNode = FALSE
	EndGlobalSection
	GlobalSection(ExtensibilityGlobals) = postSolution
		SolutionGuid = {8935DC1F-E6F6-467B-87E2-3025977D9D35}
	EndGlobalSection
EndGlobal
